# THIS IS AN AUTOGENERATED FILE. DO NOT EDIT THIS FILE DIRECTLY.
# yarn lockfile v1


react-yandex-metrika@^2.6.0:
  version "2.6.0"
  resolved "https://registry.yarnpkg.com/react-yandex-metrika/-/react-yandex-metrika-2.6.0.tgz#9c935c8c7ea5505e34391b9b3e86deb6d50053c9"
  integrity sha512-8K4wExsNZtY3DTxh1G8a+zWH9Pg8fw23MJcoJ4I/562qrHRnh7L5nteq3lnNL58dnNQbuuHIRoGgMjIo+r1GjA==
